
Microsoft Visual Studio Solution File, Format Version 11.00
# Visual Studio 2010
Project("{FAE04EC0-301F-11D3-BF4B-00C04F79EFBC}") = "iSqlCmd", "iSqlCmd\iSqlCmd.csproj", "{901AD3B4-079A-4034-8DC2-383D17AB7F93}"
EndProject
Project("{FAE04EC0-301F-11D3-BF4B-00C04F79EFBC}") = "iSqlCmd.Tests", "iSqlCmd.Tests\iSqlCmd.Tests.csproj", "{713B8065-39EE-4C56-A2DF-A255054CD7F2}"
EndProject
Global
	GlobalSection(SolutionConfigurationPlatforms) = preSolution
		Debug|x86 = Debug|x86
		Release|x86 = Release|x86
	EndGlobalSection
	GlobalSection(ProjectConfigurationPlatforms) = postSolution
		{901AD3B4-079A-4034-8DC2-383D17AB7F93}.Debug|x86.ActiveCfg = Debug|x86
		{901AD3B4-079A-4034-8DC2-383D17AB7F93}.Debug|x86.Build.0 = Debug|x86
		{901AD3B4-079A-4034-8DC2-383D17AB7F93}.Release|x86.ActiveCfg = Release|x86
		{901AD3B4-079A-4034-8DC2-383D17AB7F93}.Release|x86.Build.0 = Release|x86
		{713B8065-39EE-4C56-A2DF-A255054CD7F2}.Debug|x86.ActiveCfg = Debug|x86
		{713B8065-39EE-4C56-A2DF-A255054CD7F2}.Debug|x86.Build.0 = Debug|x86
		{713B8065-39EE-4C56-A2DF-A255054CD7F2}.Release|x86.ActiveCfg = Release|x86
		{713B8065-39EE-4C56-A2DF-A255054CD7F2}.Release|x86.Build.0 = Release|x86
	EndGlobalSection
	GlobalSection(SolutionProperties) = preSolution
		HideSolutionNode = FALSE
	EndGlobalSection
EndGlobal
